
Microsoft Visual Studio Solution File, Format Version 12.00
# Visual Studio Version 16
VisualStudioVersion = 16.0.32126.315
MinimumVisualStudioVersion = 10.0.40219.1
Project("{FAE04EC0-301F-11D3-BF4B-00C04F79EFBC}") = "Rocky2", "Rocky2\Rocky2.csproj", "{3F9F18F1-EF0F-43C3-9F70-ABD19109496C}"
EndProject
Global
	GlobalSection(SolutionConfigurationPlatforms) = preSolution
		Debug|Any CPU = Debug|Any CPU
		Release|Any CPU = Release|Any CPU
	EndGlobalSection
	GlobalSection(ProjectConfigurationPlatforms) = postSolution
		{3F9F18F1-EF0F-43C3-9F70-ABD19109496C}.Debug|Any CPU.ActiveCfg = Debug|Any CPU
		{3F9F18F1-EF0F-43C3-9F70-ABD19109496C}.Debug|Any CPU.Build.0 = Debug|Any CPU
		{3F9F18F1-EF0F-43C3-9F70-ABD19109496C}.Release|Any CPU.ActiveCfg = Release|Any CPU
		{3F9F18F1-EF0F-43C3-9F70-ABD19109496C}.Release|Any CPU.Build.0 = Release|Any CPU
	EndGlobalSection
	GlobalSection(SolutionProperties) = preSolution
		HideSolutionNode = FALSE
	EndGlobalSection
	GlobalSection(ExtensibilityGlobals) = postSolution
		SolutionGuid = {4668E240-A74F-40EC-884E-C5089AEC8B22}
	EndGlobalSection
EndGlobal
